
Microsoft Visual Studio Solution File, Format Version 12.00
# Visual Studio Version 17
VisualStudioVersion = 17.12.35527.113
MinimumVisualStudioVersion = 10.0.40219.1
Project("{FAE04EC0-301F-11D3-BF4B-00C04F79EFBC}") = "MapTest", "MapTest\MapTest.csproj", "{BAFF8304-A0B0-499F-BF13-7EF714C7E731}"
EndProject
Project("{FAE04EC0-301F-11D3-BF4B-00C04F79EFBC}") = "MapMod", "MapMod\MapMod.csproj", "{334C4438-2F6C-4962-BA86-DBF5B1247D08}"
EndProject
Project("{FAE04EC0-301F-11D3-BF4B-00C04F79EFBC}") = "MapEditor", "MapEditor\MapEditor.csproj", "{2A093E21-A24A-4B99-9CDD-04B0A32EE508}"
EndProject
Global
	GlobalSection(SolutionConfigurationPlatforms) = preSolution
		Debug|Any CPU = Debug|Any CPU
		Release|Any CPU = Release|Any CPU
	EndGlobalSection
	GlobalSection(ProjectConfigurationPlatforms) = postSolution
		{BAFF8304-A0B0-499F-BF13-7EF714C7E731}.Debug|Any CPU.ActiveCfg = Debug|Any CPU
		{BAFF8304-A0B0-499F-BF13-7EF714C7E731}.Debug|Any CPU.Build.0 = Debug|Any CPU
		{BAFF8304-A0B0-499F-BF13-7EF714C7E731}.Release|Any CPU.ActiveCfg = Release|Any CPU
		{BAFF8304-A0B0-499F-BF13-7EF714C7E731}.Release|Any CPU.Build.0 = Release|Any CPU
		{334C4438-2F6C-4962-BA86-DBF5B1247D08}.Debug|Any CPU.ActiveCfg = Debug|Any CPU
		{334C4438-2F6C-4962-BA86-DBF5B1247D08}.Debug|Any CPU.Build.0 = Debug|Any CPU
		{334C4438-2F6C-4962-BA86-DBF5B1247D08}.Release|Any CPU.ActiveCfg = Release|Any CPU
		{334C4438-2F6C-4962-BA86-DBF5B1247D08}.Release|Any CPU.Build.0 = Release|Any CPU
		{2A093E21-A24A-4B99-9CDD-04B0A32EE508}.Debug|Any CPU.ActiveCfg = Debug|Any CPU
		{2A093E21-A24A-4B99-9CDD-04B0A32EE508}.Debug|Any CPU.Build.0 = Debug|Any CPU
		{2A093E21-A24A-4B99-9CDD-04B0A32EE508}.Release|Any CPU.ActiveCfg = Release|Any CPU
		{2A093E21-A24A-4B99-9CDD-04B0A32EE508}.Release|Any CPU.Build.0 = Release|Any CPU
	EndGlobalSection
	GlobalSection(SolutionProperties) = preSolution
		HideSolutionNode = FALSE
	EndGlobalSection
	GlobalSection(SharedMSBuildProjectFiles) = preSolution
		Shared\Shared.projitems*{2a093e21-a24a-4b99-9cdd-04b0a32ee508}*SharedItemsImports = 5
	EndGlobalSection
EndGlobal
